# This file is automatically @generated by Cargo.
# It is not intended for manual editing.
version = 4

[[package]]
name = "file_reader"
version = "0.1.0"

[[package]]
name = "file_sizer"
version = "0.1.0"

[[package]]
name = "math_utils"
version = "0.1.0"

[[package]]
name = "struct"
version = "0.1.0"
